
Microsoft Visual Studio Solution File, Format Version 12.00
# Visual Studio Version 17
VisualStudioVersion = 17.0.31903.59
MinimumVisualStudioVersion = 10.0.40219.1
Project("{2150E333-8FDC-42A3-9474-1A3956D46DE8}") = "bench", "bench", "{B5B3F74B-C05A-4D25-8BAF-54BF5B610457}"
EndProject
Project("{FAE04EC0-301F-11D3-BF4B-00C04F79EFBC}") = "Net.Explorer.Benchmarks", "bench\Net.Explorer.Benchmarks\Net.Explorer.Benchmarks.csproj", "{176CD8FF-5970-405E-8F0A-9504112C61FB}"
EndProject
Global
	GlobalSection(SolutionConfigurationPlatforms) = preSolution
		Debug|Any CPU = Debug|Any CPU
		Release|Any CPU = Release|Any CPU
	EndGlobalSection
	GlobalSection(ProjectConfigurationPlatforms) = postSolution
		{176CD8FF-5970-405E-8F0A-9504112C61FB}.Debug|Any CPU.ActiveCfg = Debug|Any CPU
		{176CD8FF-5970-405E-8F0A-9504112C61FB}.Debug|Any CPU.Build.0 = Debug|Any CPU
		{176CD8FF-5970-405E-8F0A-9504112C61FB}.Release|Any CPU.ActiveCfg = Release|Any CPU
		{176CD8FF-5970-405E-8F0A-9504112C61FB}.Release|Any CPU.Build.0 = Release|Any CPU
		{80EAF0FD-8257-4714-A0AE-59A4A1617C5B}.Debug|Any CPU.ActiveCfg = Debug|Any CPU
		{80EAF0FD-8257-4714-A0AE-59A4A1617C5B}.Debug|Any CPU.Build.0 = Debug|Any CPU
		{80EAF0FD-8257-4714-A0AE-59A4A1617C5B}.Release|Any CPU.ActiveCfg = Release|Any CPU
		{80EAF0FD-8257-4714-A0AE-59A4A1617C5B}.Release|Any CPU.Build.0 = Release|Any CPU
	EndGlobalSection
	GlobalSection(SolutionProperties) = preSolution
		HideSolutionNode = FALSE
	EndGlobalSection
	GlobalSection(NestedProjects) = preSolution
		{176CD8FF-5970-405E-8F0A-9504112C61FB} = {B5B3F74B-C05A-4D25-8BAF-54BF5B610457}
		{80EAF0FD-8257-4714-A0AE-59A4A1617C5B} = {2F2C2B77-BC4E-4234-A6C2-974D4732218B}
	EndGlobalSection
EndGlobal
